# This file is automatically @generated by Cargo.
# It is not intended for manual editing.
version = 3

[[package]]
name = "bytes"
version = "1.0.1"
source = "registry+https://github.com/rust-lang/crates.io-index"
checksum = "b700ce4376041dcd0a327fd0097c41095743c4c8af8887265942faf1100bd040"

[[package]]
name = "combine"
version = "4.6.0"
source = "registry+https://github.com/rust-lang/crates.io-index"
checksum = "a2d47c1b11006b87e492b53b313bb699ce60e16613c4dddaa91f8f7c220ab2fa"
dependencies = [
 "bytes",
 "memchr",
]

[[package]]
name = "memchr"
version = "2.4.0"
source = "registry+https://github.com/rust-lang/crates.io-index"
checksum = "b16bd47d9e329435e309c58469fe0791c2d0d1ba96ec0954152a5ae2b04387dc"

[[package]]
name = "soryu"
version = "0.1.0"
dependencies = [
 "combine",
]
